
Microsoft Visual Studio Solution File, Format Version 12.00
# Visual Studio Version 17
VisualStudioVersion = 17.9.34728.123
MinimumVisualStudioVersion = 10.0.40219.1
Project("{FAE04EC0-301F-11D3-BF4B-00C04F79EFBC}") = "SimpleAPI", "SimpleAPI\SimpleAPI.csproj", "{81A6CC46-B0EB-4C12-9ECB-A057D3455CB8}"
EndProject
Global
	GlobalSection(SolutionConfigurationPlatforms) = preSolution
		Debug|Any CPU = Debug|Any CPU
		Release|Any CPU = Release|Any CPU
	EndGlobalSection
	GlobalSection(ProjectConfigurationPlatforms) = postSolution
		{81A6CC46-B0EB-4C12-9ECB-A057D3455CB8}.Debug|Any CPU.ActiveCfg = Debug|Any CPU
		{81A6CC46-B0EB-4C12-9ECB-A057D3455CB8}.Debug|Any CPU.Build.0 = Debug|Any CPU
		{81A6CC46-B0EB-4C12-9ECB-A057D3455CB8}.Release|Any CPU.ActiveCfg = Release|Any CPU
		{81A6CC46-B0EB-4C12-9ECB-A057D3455CB8}.Release|Any CPU.Build.0 = Release|Any CPU
	EndGlobalSection
	GlobalSection(SolutionProperties) = preSolution
		HideSolutionNode = FALSE
	EndGlobalSection
	GlobalSection(ExtensibilityGlobals) = postSolution
		SolutionGuid = {614B21EA-D3E7-4B20-A442-8E953DC2E878}
	EndGlobalSection
EndGlobal
